github.com/chzyer/logex v1.2.1/go.mod h1:JLbx6lG2kDbNRFnfkgvh4eRJRPX1QCoOIWomwysCBrQ=
github.com/chzyer/readline v1.5.1 h1:upd/6fQk4src78LMRzh5vItIt361/o4uq553V8B5sGI=
github.com/chzyer/readline v1.5.1/go.mod h1:Eh+b79XXUwfKfcPLepksvw2tcLE/Ct21YObkaSkeBlk=
github.com/chzyer/test v1.0.0/go.mod h1:2JlltgoNkt4TW/z9V/IzDdFaMTM2JPIi26O1pF38GC8=
github.com/fatih/color v1.15.0 h1:kOqh6YHBtK8aywxGerMG2Eq3H6Qgoqeo13Bk2Mv/nBs=
github.com/fatih/color v1.15.0/go.mod h1:0h5ZqXfHYED7Bhv2ZJamyIOUej9KtShiJESRwBDUSsw=
github.com/google/pprof v0.0.0-20230901174712-0191c66da455 h1:YhRUmI1ttDC4sxKY2V62BTI8hCXnyZBV9h38eAanInE=
github.com/google/pprof v0.0.0-20230901174712-0191c66da455/go.mod h1:czg5+yv1E0ZGTi6S6vVK1mke0fV+FaUhNGcd6VRS9Ik=
github.com/ianlancetaylor/demangle v0.0.0-20230524184225-eabc099b10ab h1:BA4a7pe6ZTd9F8kXETBoijjFJ/ntaa//1wiH9BZu4zU=
github.com/ianlancetaylor/demangle v0.0.0-20230524184225-eabc099b10ab/go.mod h1:gx7rwoVhcfuVKG5uya9Hs3Sxj7EIvldVofAWIUtGouw=
github.com/jessevdk/go-flags v1.5.0 h1:1jKYvbxEjfUl0fmqTCOfonvskHHXMjBySTLW4y9LFvc=
github.com/jessevdk/go-flags v1.5.0/go.mod h1:Fw0T6WPc1dYxT4mKEZRfG5kJhaTDP9pj1c2EWnYs/m4=
github.com/mattn/go-colorable v0.1.13 h1:fFA4WZxdEF4tXPZVKMLwD8oUnCTTo08duU7wxecdEvA=
github.com/mattn/go-colorable v0.1.13/go.mod h1:7S9/ev0klgBDR4GtXTXX8a3vIGJpMovkB8vQcUbaXHg=
github.com/mattn/go-isatty v0.0.16/go.mod h1:kYGgaQfpe5nmfYZH+SKPsOc2e4SrIfOl2e/yFXSvRLM=
github.com/mattn/go-isatty v0.0.17 h1:BTarxUcIeDqL27Mc+vyvdWYSL28zpIhv3RoTdsLMPng=
github.com/mattn/go-isatty v0.0.17/go.mod h1:kYGgaQfpe5nmfYZH+SKPsOc2e4SrIfOl2e/yFXSvRLM=
github.com/uber/go-torch v0.0.0-20181107071353-86f327cc820e h1:jV0Y58RWaOMT3i5foW2YoEKlaN6biewBtngFwAfEwQ0=
github.com/uber/go-torch v0.0.0-20181107071353-86f327cc820e/go.mod h1:uuMPbyv6WJykZcarrIuJiTjfSGC997/jnfHyyeeG2Jo=
golang.org/x/sys v0.0.0-20210320140829-1e4c9ba3b0c4/go.mod h1:h1NjWce9XRLGQEsW7wpKNCjG9DtNlClVuFLEZdDNbEs=
golang.org/x/sys v0.0.0-20220310020820-b874c991c1a5/go.mod h1:oPkhp1MJrh7nUepCBck5+mAzfO9JrbApNNgaTdGDITg=
golang.org/x/sys v0.0.0-20220811171246-fbc7d0a398ab/go.mod h1:oPkhp1MJrh7nUepCBck5+mAzfO9JrbApNNgaTdGDITg=
golang.org/x/sys v0.6.0 h1:MVltZSvRTcU2ljQOhs94SXPftV6DCNnZViHeQps87pQ=
golang.org/x/sys v0.6.0/go.mod h1:oPkhp1MJrh7nUepCBck5+mAzfO9JrbApNNgaTdGDITg=
golang.org/x/sys v0.12.0 h1:CM0HF96J0hcLAwsHPJZjfdNzs0gftsLfgKt57wWHJ0o=
golang.org/x/sys v0.12.0/go.mod h1:oPkhp1MJrh7nUepCBck5+mAzfO9JrbApNNgaTdGDITg=
